
Microsoft Visual Studio Solution File, Format Version 12.00
# Visual Studio 2012
VisualStudioVersion = 14.0.23107.0
MinimumVisualStudioVersion = 10.0.40219.1
Project("{FAE04EC0-301F-11D3-BF4B-00C04F79EFBC}") = "Circles-Core", "Circles\Circles-Core.csproj", "{34D52C7E-C9E4-4C9E-A171-68AD5783826E}"
EndProject
Project("{FAE04EC0-301F-11D3-BF4B-00C04F79EFBC}") = "Circles-Windows", "Circles-Windows\Circles-Windows.csproj", "{F69DDE2E-A777-4F93-B156-68FF7C6E9FBD}"
EndProject
Project("{FAE04EC0-301F-11D3-BF4B-00C04F79EFBC}") = "Circles-Linux", "Circle-Linux\Circles-Linux.csproj", "{27AC5ABD-BD84-4A70-BC8A-C10895C8E823}"
EndProject
Project("{FAE04EC0-301F-11D3-BF4B-00C04F79EFBC}") = "Circles-Android", "Circles-Android\Circles-Android.csproj", "{A886A23C-6FB1-4423-8937-50F174CBEF87}"
EndProject
Global
	GlobalSection(SolutionConfigurationPlatforms) = preSolution
		Debug|Any CPU = Debug|Any CPU
		Debug|x86 = Debug|x86
		Release|Any CPU = Release|Any CPU
		Release|x86 = Release|x86
	EndGlobalSection
	GlobalSection(ProjectConfigurationPlatforms) = postSolution
		{27AC5ABD-BD84-4A70-BC8A-C10895C8E823}.Debug|Any CPU.ActiveCfg = Debug|x86
		{27AC5ABD-BD84-4A70-BC8A-C10895C8E823}.Debug|x86.ActiveCfg = Debug|x86
		{27AC5ABD-BD84-4A70-BC8A-C10895C8E823}.Debug|x86.Build.0 = Debug|x86
		{27AC5ABD-BD84-4A70-BC8A-C10895C8E823}.Release|Any CPU.ActiveCfg = Release|x86
		{27AC5ABD-BD84-4A70-BC8A-C10895C8E823}.Release|x86.ActiveCfg = Release|x86
		{27AC5ABD-BD84-4A70-BC8A-C10895C8E823}.Release|x86.Build.0 = Release|x86
		{34D52C7E-C9E4-4C9E-A171-68AD5783826E}.Debug|Any CPU.ActiveCfg = Debug|x86
		{34D52C7E-C9E4-4C9E-A171-68AD5783826E}.Debug|x86.ActiveCfg = Debug|x86
		{34D52C7E-C9E4-4C9E-A171-68AD5783826E}.Debug|x86.Build.0 = Debug|x86
		{34D52C7E-C9E4-4C9E-A171-68AD5783826E}.Release|Any CPU.ActiveCfg = Release|x86
		{34D52C7E-C9E4-4C9E-A171-68AD5783826E}.Release|x86.ActiveCfg = Release|x86
		{34D52C7E-C9E4-4C9E-A171-68AD5783826E}.Release|x86.Build.0 = Release|x86
		{A886A23C-6FB1-4423-8937-50F174CBEF87}.Debug|Any CPU.ActiveCfg = Debug|Any CPU
		{A886A23C-6FB1-4423-8937-50F174CBEF87}.Debug|Any CPU.Build.0 = Debug|Any CPU
		{A886A23C-6FB1-4423-8937-50F174CBEF87}.Debug|Any CPU.Deploy.0 = Debug|Any CPU
		{A886A23C-6FB1-4423-8937-50F174CBEF87}.Debug|x86.ActiveCfg = Debug|Any CPU
		{A886A23C-6FB1-4423-8937-50F174CBEF87}.Debug|x86.Build.0 = Debug|Any CPU
		{A886A23C-6FB1-4423-8937-50F174CBEF87}.Debug|x86.Deploy.0 = Debug|Any CPU
		{A886A23C-6FB1-4423-8937-50F174CBEF87}.Release|Any CPU.ActiveCfg = Release|Any CPU
		{A886A23C-6FB1-4423-8937-50F174CBEF87}.Release|Any CPU.Build.0 = Release|Any CPU
		{A886A23C-6FB1-4423-8937-50F174CBEF87}.Release|Any CPU.Deploy.0 = Release|Any CPU
		{A886A23C-6FB1-4423-8937-50F174CBEF87}.Release|x86.ActiveCfg = Release|Any CPU
		{A886A23C-6FB1-4423-8937-50F174CBEF87}.Release|x86.Build.0 = Release|Any CPU
		{A886A23C-6FB1-4423-8937-50F174CBEF87}.Release|x86.Deploy.0 = Release|Any CPU
		{F69DDE2E-A777-4F93-B156-68FF7C6E9FBD}.Debug|Any CPU.ActiveCfg = Debug|x86
		{F69DDE2E-A777-4F93-B156-68FF7C6E9FBD}.Debug|x86.ActiveCfg = Debug|x86
		{F69DDE2E-A777-4F93-B156-68FF7C6E9FBD}.Debug|x86.Build.0 = Debug|x86
		{F69DDE2E-A777-4F93-B156-68FF7C6E9FBD}.Release|Any CPU.ActiveCfg = Release|x86
		{F69DDE2E-A777-4F93-B156-68FF7C6E9FBD}.Release|x86.ActiveCfg = Release|x86
		{F69DDE2E-A777-4F93-B156-68FF7C6E9FBD}.Release|x86.Build.0 = Release|x86
	EndGlobalSection
	GlobalSection(SolutionProperties) = preSolution
		HideSolutionNode = FALSE
	EndGlobalSection
EndGlobal
